PODS:
  - CouchbaseLite-Swift-Enterprise (2.5.1)
  - Flutter (1.0.0)
  - fluttercouch (0.5.0):
    - CouchbaseLite-Swift-Enterprise (~> 2.5.1)
    - Flutter

DEPENDENCIES:
  - Flutter (from `Pods/.symlinks/flutter/ios`)
  - fluttercouch (from `Pods/.symlinks/plugins/fluttercouch/ios`)

SPEC REPOS:
  https://github.com/cocoapods/specs.git:
    - CouchbaseLite-Swift-Enterprise

EXTERNAL SOURCES:
  Flutter:
    :path: Pods/.symlinks/flutter/ios
  fluttercouch:
    :path: Pods/.symlinks/plugins/fluttercouch/ios

SPEC CHECKSUMS:
  CouchbaseLite-Swift-Enterprise: 2ace9aa3c2d78301cd8266a1132c7db2cdc2d3fe
  Flutter: 9d0fac939486c9aba2809b7982dfdbb47a7b0296
  fluttercouch: 6de6f5567766ba9054b2663a9b1f0586b2ed4306

PODFILE CHECKSUM: 053181c8a81f9b75918d2db7970ec1688a41211a

COCOAPODS: 1.5.2
